
Microsoft Visual Studio Solution File, Format Version 12.00
# Visual Studio Version 17
VisualStudioVersion = 17.0.32112.339
MinimumVisualStudioVersion = 10.0.40219.1
Project("{9A19103F-16F7-4668-BE54-9A1E7A4F7556}") = "Editor", "Editor\Editor.csproj", "{09DB538F-F27D-4DF7-88E4-255A023D157A}"
	ProjectSection(ProjectDependencies) = postProject
		{789D6368-0172-4F38-A1F1-14BC313CC39C} = {789D6368-0172-4F38-A1F1-14BC313CC39C}
	EndProjectSection
EndProject
Project("{9A19103F-16F7-4668-BE54-9A1E7A4F7556}") = "Engine", "Engine\Engine.csproj", "{789D6368-0172-4F38-A1F1-14BC313CC39C}"
EndProject
Project("{2150E333-8FDC-42A3-9474-1A3956D46DE8}") = "Libs", "Libs", "{60EBC18C-4E74-49B5-A321-758E57B42EC3}"
EndProject
Project("{9A19103F-16F7-4668-BE54-9A1E7A4F7556}") = "GLWpfControl", "Libs\GLWpfControl\src\GLWpfControl\GLWpfControl.csproj", "{3F9E6BAB-6172-4996-9A2E-3401C879C09F}"
EndProject
Project("{2150E333-8FDC-42A3-9474-1A3956D46DE8}") = "Solution Items", "Solution Items", "{300B2EEE-3396-419E-B076-58D79E5F6ADF}"
	ProjectSection(SolutionItems) = preProject
		.editorconfig = .editorconfig
	EndProjectSection
EndProject
Project("{FAE04EC0-301F-11D3-BF4B-00C04F79EFBC}") = "Selen.Wpf.Core", "Libs\Selen.Wpf\Selen.Wpf.Core\Selen.Wpf.Core.csproj", "{C94C1BDD-11F9-4A3F-8929-86B1B67AE1D5}"
EndProject
Project("{FAE04EC0-301F-11D3-BF4B-00C04F79EFBC}") = "Selen.Wpf.SystemStyles", "Libs\Selen.Wpf\Selen.Wpf.SystemStyles\Selen.Wpf.SystemStyles.csproj", "{A468315F-FA11-4BC2-8E5F-EA3C48B24C74}"
EndProject
Project("{FAE04EC0-301F-11D3-BF4B-00C04F79EFBC}") = "Selen.Wpf.GenericAppTree", "Libs\Selen.Wpf\Selen.Wpf.GenericAppTree\Selen.Wpf.GenericAppTree.csproj", "{8615A3C0-298C-4B9D-8FFC-D5ACA466523D}"
EndProject
Project("{FAE04EC0-301F-11D3-BF4B-00C04F79EFBC}") = "Selen.Wpf.GenericAppTree.Contracts", "Libs\Selen.Wpf\Selen.Wpf.GenericAppTree.Contracts\Selen.Wpf.GenericAppTree.Contracts.csproj", "{FC32AB02-5705-48E0-BCFD-78EB6C137AEB}"
EndProject
Project("{9A19103F-16F7-4668-BE54-9A1E7A4F7556}") = "AvalonDock", "Libs\AvalonDock\source\Components\AvalonDock\AvalonDock.csproj", "{5A037011-E16A-4A07-95D9-BA5DD9C378E9}"
EndProject
Project("{9A19103F-16F7-4668-BE54-9A1E7A4F7556}") = "AvalonDock.Themes.VS2013", "Libs\AvalonDock\source\Components\AvalonDock.Themes.VS2013\AvalonDock.Themes.VS2013.csproj", "{BA001498-5533-4335-8B22-1A2476EE15CC}"
EndProject
Project("{2150E333-8FDC-42A3-9474-1A3956D46DE8}") = "Shaders", "Shaders", "{7F2ADAF6-4D33-4E83-A1E0-B5497E4FC9D2}"
	ProjectSection(SolutionItems) = preProject
		Editor\bin\Debug\net6.0-windows\Shaders\font_frag.glsl = Editor\bin\Debug\net6.0-windows\Shaders\font_frag.glsl
		Editor\bin\Debug\net6.0-windows\Shaders\font_vert.glsl = Editor\bin\Debug\net6.0-windows\Shaders\font_vert.glsl
		Editor\bin\Debug\net6.0-windows\Shaders\icon_frag.glsl = Editor\bin\Debug\net6.0-windows\Shaders\icon_frag.glsl
		Editor\bin\Debug\net6.0-windows\Shaders\icon_vert.glsl = Editor\bin\Debug\net6.0-windows\Shaders\icon_vert.glsl
		Editor\bin\Debug\net6.0-windows\Shaders\infinite_grid_frag.glsl = Editor\bin\Debug\net6.0-windows\Shaders\infinite_grid_frag.glsl
		Editor\bin\Debug\net6.0-windows\Shaders\infinite_grid_vert.glsl = Editor\bin\Debug\net6.0-windows\Shaders\infinite_grid_vert.glsl
		Editor\bin\Debug\net6.0-windows\Shaders\light_pass_frag.glsl = Editor\bin\Debug\net6.0-windows\Shaders\light_pass_frag.glsl
		Editor\bin\Debug\net6.0-windows\Shaders\light_pass_vert.glsl = Editor\bin\Debug\net6.0-windows\Shaders\light_pass_vert.glsl
		Editor\bin\Debug\net6.0-windows\Shaders\line_frag.glsl = Editor\bin\Debug\net6.0-windows\Shaders\line_frag.glsl
		Editor\bin\Debug\net6.0-windows\Shaders\line_vert.glsl = Editor\bin\Debug\net6.0-windows\Shaders\line_vert.glsl
		Editor\bin\Debug\net6.0-windows\Shaders\maptile_frag.glsl = Editor\bin\Debug\net6.0-windows\Shaders\maptile_frag.glsl
		Editor\bin\Debug\net6.0-windows\Shaders\maptile_vert.glsl = Editor\bin\Debug\net6.0-windows\Shaders\maptile_vert.glsl
		Editor\bin\Debug\net6.0-windows\Shaders\marquee_frag.glsl = Editor\bin\Debug\net6.0-windows\Shaders\marquee_frag.glsl
		Editor\bin\Debug\net6.0-windows\Shaders\marquee_vert.glsl = Editor\bin\Debug\net6.0-windows\Shaders\marquee_vert.glsl
		Editor\bin\Debug\net6.0-windows\Shaders\normal_frag.glsl = Editor\bin\Debug\net6.0-windows\Shaders\normal_frag.glsl
		Editor\bin\Debug\net6.0-windows\Shaders\normal_vert.glsl = Editor\bin\Debug\net6.0-windows\Shaders\normal_vert.glsl
		Editor\bin\Debug\net6.0-windows\Shaders\shader_frag.glsl = Editor\bin\Debug\net6.0-windows\Shaders\shader_frag.glsl
		Editor\bin\Debug\net6.0-windows\Shaders\shader_vert.glsl = Editor\bin\Debug\net6.0-windows\Shaders\shader_vert.glsl
		Editor\bin\Debug\net6.0-windows\Shaders\terrain_deferred_frag.glsl = Editor\bin\Debug\net6.0-windows\Shaders\terrain_deferred_frag.glsl
		Editor\bin\Debug\net6.0-windows\Shaders\terrain_deferred_vert.glsl = Editor\bin\Debug\net6.0-windows\Shaders\terrain_deferred_vert.glsl
		Editor\bin\Debug\net6.0-windows\Shaders\terrain_frag.glsl = Editor\bin\Debug\net6.0-windows\Shaders\terrain_frag.glsl
		Editor\bin\Debug\net6.0-windows\Shaders\terrain_vert.glsl = Editor\bin\Debug\net6.0-windows\Shaders\terrain_vert.glsl
		Editor\bin\Debug\net6.0-windows\Shaders\water_frag.glsl = Editor\bin\Debug\net6.0-windows\Shaders\water_frag.glsl
		Editor\bin\Debug\net6.0-windows\Shaders\water_vert.glsl = Editor\bin\Debug\net6.0-windows\Shaders\water_vert.glsl
		Editor\bin\Debug\net6.0-windows\Shaders\wireframe_frag.glsl = Editor\bin\Debug\net6.0-windows\Shaders\wireframe_frag.glsl
		Editor\bin\Debug\net6.0-windows\Shaders\wireframe_vert.glsl = Editor\bin\Debug\net6.0-windows\Shaders\wireframe_vert.glsl
	EndProjectSection
EndProject
Project("{9A19103F-16F7-4668-BE54-9A1E7A4F7556}") = "ColorPicker", "Libs\ColorPicker-master\src\ColorPicker\ColorPicker.csproj", "{57D0FB86-A6FF-4AC5-A1B0-8A4C9189C6F2}"
EndProject
Project("{9A19103F-16F7-4668-BE54-9A1E7A4F7556}") = "FontGenerator", "FontGenerator\FontGenerator.csproj", "{1EC3237B-B51B-4285-8B57-6C002BE90012}"
EndProject
Project("{9A19103F-16F7-4668-BE54-9A1E7A4F7556}") = "StatisticalAnalyzer", "StatisticalAnalyzer\StatisticalAnalyzer.csproj", "{FE8DC1EB-78C3-4322-842F-A3B628828D47}"
EndProject
Project("{9A19103F-16F7-4668-BE54-9A1E7A4F7556}") = "FileFormats", "FileFormats\FileFormats.csproj", "{F829DB47-769C-4B26-9B15-CA40530B62F1}"
EndProject
Project("{9A19103F-16F7-4668-BE54-9A1E7A4F7556}") = "MathUtils", "MathUtils\MathUtils.csproj", "{6DE16D86-78BA-440D-BF47-7541A650E8B3}"
EndProject
Global
	GlobalSection(SolutionConfigurationPlatforms) = preSolution
		Debug|Any CPU = Debug|Any CPU
		Release|Any CPU = Release|Any CPU
	EndGlobalSection
	GlobalSection(ProjectConfigurationPlatforms) = postSolution
		{09DB538F-F27D-4DF7-88E4-255A023D157A}.Debug|Any CPU.ActiveCfg = Debug|Any CPU
		{09DB538F-F27D-4DF7-88E4-255A023D157A}.Debug|Any CPU.Build.0 = Debug|Any CPU
		{09DB538F-F27D-4DF7-88E4-255A023D157A}.Release|Any CPU.ActiveCfg = Release|Any CPU
		{09DB538F-F27D-4DF7-88E4-255A023D157A}.Release|Any CPU.Build.0 = Release|Any CPU
		{789D6368-0172-4F38-A1F1-14BC313CC39C}.Debug|Any CPU.ActiveCfg = Debug|Any CPU
		{789D6368-0172-4F38-A1F1-14BC313CC39C}.Debug|Any CPU.Build.0 = Debug|Any CPU
		{789D6368-0172-4F38-A1F1-14BC313CC39C}.Release|Any CPU.ActiveCfg = Release|Any CPU
		{789D6368-0172-4F38-A1F1-14BC313CC39C}.Release|Any CPU.Build.0 = Release|Any CPU
		{3F9E6BAB-6172-4996-9A2E-3401C879C09F}.Debug|Any CPU.ActiveCfg = Debug|Any CPU
		{3F9E6BAB-6172-4996-9A2E-3401C879C09F}.Debug|Any CPU.Build.0 = Debug|Any CPU
		{3F9E6BAB-6172-4996-9A2E-3401C879C09F}.Release|Any CPU.ActiveCfg = Release|Any CPU
		{3F9E6BAB-6172-4996-9A2E-3401C879C09F}.Release|Any CPU.Build.0 = Release|Any CPU
		{C94C1BDD-11F9-4A3F-8929-86B1B67AE1D5}.Debug|Any CPU.ActiveCfg = Debug|Any CPU
		{C94C1BDD-11F9-4A3F-8929-86B1B67AE1D5}.Debug|Any CPU.Build.0 = Debug|Any CPU
		{C94C1BDD-11F9-4A3F-8929-86B1B67AE1D5}.Release|Any CPU.ActiveCfg = Release|Any CPU
		{C94C1BDD-11F9-4A3F-8929-86B1B67AE1D5}.Release|Any CPU.Build.0 = Release|Any CPU
		{A468315F-FA11-4BC2-8E5F-EA3C48B24C74}.Debug|Any CPU.ActiveCfg = Debug|Any CPU
		{A468315F-FA11-4BC2-8E5F-EA3C48B24C74}.Debug|Any CPU.Build.0 = Debug|Any CPU
		{A468315F-FA11-4BC2-8E5F-EA3C48B24C74}.Release|Any CPU.ActiveCfg = Release|Any CPU
		{A468315F-FA11-4BC2-8E5F-EA3C48B24C74}.Release|Any CPU.Build.0 = Release|Any CPU
		{8615A3C0-298C-4B9D-8FFC-D5ACA466523D}.Debug|Any CPU.ActiveCfg = Debug|Any CPU
		{8615A3C0-298C-4B9D-8FFC-D5ACA466523D}.Debug|Any CPU.Build.0 = Debug|Any CPU
		{8615A3C0-298C-4B9D-8FFC-D5ACA466523D}.Release|Any CPU.ActiveCfg = Release|Any CPU
		{8615A3C0-298C-4B9D-8FFC-D5ACA466523D}.Release|Any CPU.Build.0 = Release|Any CPU
		{FC32AB02-5705-48E0-BCFD-78EB6C137AEB}.Debug|Any CPU.ActiveCfg = Debug|Any CPU
		{FC32AB02-5705-48E0-BCFD-78EB6C137AEB}.Debug|Any CPU.Build.0 = Debug|Any CPU
		{FC32AB02-5705-48E0-BCFD-78EB6C137AEB}.Release|Any CPU.ActiveCfg = Release|Any CPU
		{FC32AB02-5705-48E0-BCFD-78EB6C137AEB}.Release|Any CPU.Build.0 = Release|Any CPU
		{5A037011-E16A-4A07-95D9-BA5DD9C378E9}.Debug|Any CPU.ActiveCfg = Debug|Any CPU
		{5A037011-E16A-4A07-95D9-BA5DD9C378E9}.Debug|Any CPU.Build.0 = Debug|Any CPU
		{5A037011-E16A-4A07-95D9-BA5DD9C378E9}.Release|Any CPU.ActiveCfg = Release|Any CPU
		{5A037011-E16A-4A07-95D9-BA5DD9C378E9}.Release|Any CPU.Build.0 = Release|Any CPU
		{BA001498-5533-4335-8B22-1A2476EE15CC}.Debug|Any CPU.ActiveCfg = Debug|Any CPU
		{BA001498-5533-4335-8B22-1A2476EE15CC}.Debug|Any CPU.Build.0 = Debug|Any CPU
		{BA001498-5533-4335-8B22-1A2476EE15CC}.Release|Any CPU.ActiveCfg = Release|Any CPU
		{BA001498-5533-4335-8B22-1A2476EE15CC}.Release|Any CPU.Build.0 = Release|Any CPU
		{57D0FB86-A6FF-4AC5-A1B0-8A4C9189C6F2}.Debug|Any CPU.ActiveCfg = Debug|Any CPU
		{57D0FB86-A6FF-4AC5-A1B0-8A4C9189C6F2}.Debug|Any CPU.Build.0 = Debug|Any CPU
		{57D0FB86-A6FF-4AC5-A1B0-8A4C9189C6F2}.Release|Any CPU.ActiveCfg = Release|Any CPU
		{57D0FB86-A6FF-4AC5-A1B0-8A4C9189C6F2}.Release|Any CPU.Build.0 = Release|Any CPU
		{1EC3237B-B51B-4285-8B57-6C002BE90012}.Debug|Any CPU.ActiveCfg = Debug|Any CPU
		{1EC3237B-B51B-4285-8B57-6C002BE90012}.Debug|Any CPU.Build.0 = Debug|Any CPU
		{1EC3237B-B51B-4285-8B57-6C002BE90012}.Release|Any CPU.ActiveCfg = Release|Any CPU
		{1EC3237B-B51B-4285-8B57-6C002BE90012}.Release|Any CPU.Build.0 = Release|Any CPU
		{FE8DC1EB-78C3-4322-842F-A3B628828D47}.Debug|Any CPU.ActiveCfg = Debug|Any CPU
		{FE8DC1EB-78C3-4322-842F-A3B628828D47}.Debug|Any CPU.Build.0 = Debug|Any CPU
		{FE8DC1EB-78C3-4322-842F-A3B628828D47}.Release|Any CPU.ActiveCfg = Release|Any CPU
		{FE8DC1EB-78C3-4322-842F-A3B628828D47}.Release|Any CPU.Build.0 = Release|Any CPU
		{F829DB47-769C-4B26-9B15-CA40530B62F1}.Debug|Any CPU.ActiveCfg = Debug|Any CPU
		{F829DB47-769C-4B26-9B15-CA40530B62F1}.Debug|Any CPU.Build.0 = Debug|Any CPU
		{F829DB47-769C-4B26-9B15-CA40530B62F1}.Release|Any CPU.ActiveCfg = Release|Any CPU
		{F829DB47-769C-4B26-9B15-CA40530B62F1}.Release|Any CPU.Build.0 = Release|Any CPU
		{6DE16D86-78BA-440D-BF47-7541A650E8B3}.Debug|Any CPU.ActiveCfg = Debug|Any CPU
		{6DE16D86-78BA-440D-BF47-7541A650E8B3}.Debug|Any CPU.Build.0 = Debug|Any CPU
		{6DE16D86-78BA-440D-BF47-7541A650E8B3}.Release|Any CPU.ActiveCfg = Release|Any CPU
		{6DE16D86-78BA-440D-BF47-7541A650E8B3}.Release|Any CPU.Build.0 = Release|Any CPU
	EndGlobalSection
	GlobalSection(SolutionProperties) = preSolution
		HideSolutionNode = FALSE
	EndGlobalSection
	GlobalSection(NestedProjects) = preSolution
		{3F9E6BAB-6172-4996-9A2E-3401C879C09F} = {60EBC18C-4E74-49B5-A321-758E57B42EC3}
		{C94C1BDD-11F9-4A3F-8929-86B1B67AE1D5} = {60EBC18C-4E74-49B5-A321-758E57B42EC3}
		{A468315F-FA11-4BC2-8E5F-EA3C48B24C74} = {60EBC18C-4E74-49B5-A321-758E57B42EC3}
		{8615A3C0-298C-4B9D-8FFC-D5ACA466523D} = {60EBC18C-4E74-49B5-A321-758E57B42EC3}
		{FC32AB02-5705-48E0-BCFD-78EB6C137AEB} = {60EBC18C-4E74-49B5-A321-758E57B42EC3}
		{5A037011-E16A-4A07-95D9-BA5DD9C378E9} = {60EBC18C-4E74-49B5-A321-758E57B42EC3}
		{BA001498-5533-4335-8B22-1A2476EE15CC} = {60EBC18C-4E74-49B5-A321-758E57B42EC3}
		{57D0FB86-A6FF-4AC5-A1B0-8A4C9189C6F2} = {60EBC18C-4E74-49B5-A321-758E57B42EC3}
	EndGlobalSection
	GlobalSection(ExtensibilityGlobals) = postSolution
		SolutionGuid = {9D7F7FEF-000C-42F9-8318-6D9FD6C2017D}
	EndGlobalSection
EndGlobal
