
Microsoft Visual Studio Solution File, Format Version 12.00
# Visual Studio Version 17
VisualStudioVersion = 17.4.33122.133
MinimumVisualStudioVersion = 10.0.40219.1
Project("{2150E333-8FDC-42A3-9474-1A3956D46DE8}") = "Client", "Client", "{96FBF6E9-0E5B-47B0-BEB0-05112E4A5BB1}"
EndProject
Project("{9A19103F-16F7-4668-BE54-9A1E7A4F7556}") = "NexusForever.MapGenerator", "NexusForever.MapGenerator\NexusForever.MapGenerator.csproj", "{4E41CCCF-95AB-4BEC-91DF-03E6A4DB9EA7}"
EndProject
Project("{9A19103F-16F7-4668-BE54-9A1E7A4F7556}") = "NexusForever.ClientConnector", "NexusForever.ClientConnector\NexusForever.ClientConnector.csproj", "{E3D4C486-284D-4CEB-B361-CBC9D1E804F9}"
EndProject
Project("{FAE04EC0-301F-11D3-BF4B-00C04F79EFBC}") = "NexusForever.Aspire.AppHost", "NexusForever.Aspire.AppHost\NexusForever.Aspire.AppHost.csproj", "{AE6686E9-F653-4AAA-80EB-C7AC50119604}"
EndProject
Project("{FAE04EC0-301F-11D3-BF4B-00C04F79EFBC}") = "NexusForever.Aspire.Database.Migrations", "NexusForever.Aspire.Database.Migrations\NexusForever.Aspire.Database.Migrations.csproj", "{6F9EBBC0-D6EA-4212-A30B-DA46C1E6F6BD}"
EndProject
Project("{2150E333-8FDC-42A3-9474-1A3956D46DE8}") = "Solution Items", "Solution Items", "{8EC462FD-D22E-90A8-E5CE-7E832BA40C5D}"
	ProjectSection(SolutionItems) = preProject
		Directory.Packages.props = Directory.Packages.props
	EndProjectSection
EndProject
Global
	GlobalSection(SolutionConfigurationPlatforms) = preSolution
		Debug|Any CPU = Debug|Any CPU
		Release|Any CPU = Release|Any CPU
	EndGlobalSection
	GlobalSection(ProjectConfigurationPlatforms) = postSolution
		{4E41CCCF-95AB-4BEC-91DF-03E6A4DB9EA7}.Debug|Any CPU.ActiveCfg = Debug|Any CPU
		{4E41CCCF-95AB-4BEC-91DF-03E6A4DB9EA7}.Debug|Any CPU.Build.0 = Debug|Any CPU
		{4E41CCCF-95AB-4BEC-91DF-03E6A4DB9EA7}.Release|Any CPU.ActiveCfg = Release|Any CPU
		{4E41CCCF-95AB-4BEC-91DF-03E6A4DB9EA7}.Release|Any CPU.Build.0 = Release|Any CPU
		{E3D4C486-284D-4CEB-B361-CBC9D1E804F9}.Debug|Any CPU.ActiveCfg = Debug|Any CPU
		{E3D4C486-284D-4CEB-B361-CBC9D1E804F9}.Debug|Any CPU.Build.0 = Debug|Any CPU
		{E3D4C486-284D-4CEB-B361-CBC9D1E804F9}.Release|Any CPU.ActiveCfg = Release|Any CPU
		{E3D4C486-284D-4CEB-B361-CBC9D1E804F9}.Release|Any CPU.Build.0 = Release|Any CPU
		{AE6686E9-F653-4AAA-80EB-C7AC50119604}.Debug|Any CPU.ActiveCfg = Debug|Any CPU
		{AE6686E9-F653-4AAA-80EB-C7AC50119604}.Debug|Any CPU.Build.0 = Debug|Any CPU
		{AE6686E9-F653-4AAA-80EB-C7AC50119604}.Release|Any CPU.ActiveCfg = Release|Any CPU
		{AE6686E9-F653-4AAA-80EB-C7AC50119604}.Release|Any CPU.Build.0 = Release|Any CPU
		{6F9EBBC0-D6EA-4212-A30B-DA46C1E6F6BD}.Debug|Any CPU.ActiveCfg = Debug|Any CPU
		{6F9EBBC0-D6EA-4212-A30B-DA46C1E6F6BD}.Debug|Any CPU.Build.0 = Debug|Any CPU
		{6F9EBBC0-D6EA-4212-A30B-DA46C1E6F6BD}.Release|Any CPU.ActiveCfg = Release|Any CPU
		{6F9EBBC0-D6EA-4212-A30B-DA46C1E6F6BD}.Release|Any CPU.Build.0 = Release|Any CPU
	EndGlobalSection
	GlobalSection(SolutionProperties) = preSolution
		HideSolutionNode = FALSE
	EndGlobalSection
	GlobalSection(NestedProjects) = preSolution
		{4E41CCCF-95AB-4BEC-91DF-03E6A4DB9EA7} = {96FBF6E9-0E5B-47B0-BEB0-05112E4A5BB1}
		{E3D4C486-284D-4CEB-B361-CBC9D1E804F9} = {96FBF6E9-0E5B-47B0-BEB0-05112E4A5BB1}
	EndGlobalSection
	GlobalSection(ExtensibilityGlobals) = postSolution
		SolutionGuid = {7D83B735-7E6A-4C1A-83C4-DD80682C2859}
	EndGlobalSection
EndGlobal
